// !$*UTF8*$!
{
	archiveVersion = 1;
	classes = {
	};
	objectVersion = 56;
	objects = {

/* Begin PBXBuildFile section */
		6B39DAD52CC93618006C5EFD /* CurrencyConverterApp.swift in Sources */ = {isa = PBXBuildFile; fileRef = 6B39DAD42CC93618006C5EFD /* CurrencyConverterApp.swift */; };
		6B39DAD72CC93618006C5EFD /* ContentView.swift in Sources */ = {isa = PBXBuildFile; fileRef = 6B39DAD62CC93618006C5EFD /* ContentView.swift */; };
		6B39DAD92CC9361A006C5EFD /* Assets.xcassets in Resources */ = {isa = PBXBuildFile; fileRef = 6B39DAD82CC9361A006C5EFD /* Assets.xcassets */; };
		6B39DADC2CC9361A006C5EFD /* Preview Assets.xcassets in Resources */ = {isa = PBXBuildFile; fileRef = 6B39DADB2CC9361A006C5EFD /* Preview Assets.xcassets */; };
		6B39DAE62CC9361A006C5EFD /* CurrencyConverterTests.swift in Sources */ = {isa = PBXBuildFile; fileRef = 6B39DAE52CC9361A006C5EFD /* CurrencyConverterTests.swift */; };
		6B39DAF02CC9361A006C5EFD /* CurrencyConverterUITests.swift in Sources */ = {isa = PBXBuildFile; fileRef = 6B39DAEF2CC9361A006C5EFD /* CurrencyConverterUITests.swift */; };
		6B39DAF22CC9361A006C5EFD /* CurrencyConverterUITestsLaunchTests.swift in Sources */ = {isa = PBXBuildFile; fileRef = 6B39DAF12CC9361A006C5EFD /* CurrencyConverterUITestsLaunchTests.swift */; };
		6B39DB022CC93969006C5EFD /* CurrencyModel.swift in Sources */ = {isa = PBXBuildFile; fileRef = 6B39DB012CC93969006C5EFD /* CurrencyModel.swift */; };
		6B39DB042CC93A36006C5EFD /* CurrencyViewModel.swift in Sources */ = {isa = PBXBuildFile; fileRef = 6B39DB032CC93A36006C5EFD /* CurrencyViewModel.swift */; };
		6B39DB082CC95BCF006C5EFD /* Toast.swift in Sources */ = {isa = PBXBuildFile; fileRef = 6B39DB072CC95BCF006C5EFD /* Toast.swift */; };
		6B39DB0A2CC9617C006C5EFD /* HomeView.swift in Sources */ = {isa = PBXBuildFile; fileRef = 6B39DB092CC9617C006C5EFD /* HomeView.swift */; };
		6B39DB102CCA001E006C5EFD /* WelcomeView.swift in Sources */ = {isa = PBXBuildFile; fileRef = 6B39DB0F2CCA001E006C5EFD /* WelcomeView.swift */; };
		6B39DB142CCA3CBB006C5EFD /* CustomColor.swift in Sources */ = {isa = PBXBuildFile; fileRef = 6B39DB132CCA3CBB006C5EFD /* CustomColor.swift */; };
/* End PBXBuildFile section */

/* Begin PBXContainerItemProxy section */
		6B39DAE22CC9361A006C5EFD /* PBXContainerItemProxy */ = {
			isa = PBXContainerItemProxy;
			containerPortal = 6B39DAC92CC93618006C5EFD /* Project object */;
			proxyType = 1;
			remoteGlobalIDString = 6B39DAD02CC93618006C5EFD;
			remoteInfo = CurrencyConverter;
		};
		6B39DAEC2CC9361A006C5EFD /* PBXContainerItemProxy */ = {
			isa = PBXContainerItemProxy;
			containerPortal = 6B39DAC92CC93618006C5EFD /* Project object */;
			proxyType = 1;
			remoteGlobalIDString = 6B39DAD02CC93618006C5EFD;
			remoteInfo = CurrencyConverter;
		};
/* End PBXContainerItemProxy section */

/* Begin PBXFileReference section */
		6B39DAD12CC93618006C5EFD /* CurrencyConverter.app */ = {isa = PBXFileReference; explicitFileType = wrapper.application; includeInIndex = 0; path = CurrencyConverter.app; sourceTree = BUILT_PRODUCTS_DIR; };
		6B39DAD42CC93618006C5EFD /* CurrencyConverterApp.swift */ = {isa = PBXFileReference; lastKnownFileType = sourcecode.swift; path = CurrencyConverterApp.swift; sourceTree = "<group>"; };
		6B39DAD62CC93618006C5EFD /* ContentView.swift */ = {isa = PBXFileReference; lastKnownFileType = sourcecode.swift; path = ContentView.swift; sourceTree = "<group>"; };
		6B39DAD82CC9361A006C5EFD /* Assets.xcassets */ = {isa = PBXFileReference; lastKnownFileType = folder.assetcatalog; path = Assets.xcassets; sourceTree = "<group>"; };
		6B39DADB2CC9361A006C5EFD /* Preview Assets.xcassets */ = {isa = PBXFileReference; lastKnownFileType = folder.assetcatalog; path = "Preview Assets.xcassets"; sourceTree = "<group>"; };
		6B39DAE12CC9361A006C5EFD /* CurrencyConverterTests.xctest */ = {isa = PBXFileReference; explicitFileType = wrapper.cfbundle; includeInIndex = 0; path = CurrencyConverterTests.xctest; sourceTree = BUILT_PRODUCTS_DIR; };
		6B39DAE52CC9361A006C5EFD /* CurrencyConverterTests.swift */ = {isa = PBXFileReference; lastKnownFileType = sourcecode.swift; path = CurrencyConverterTests.swift; sourceTree = "<group>"; };
		6B39DAEB2CC9361A006C5EFD /* CurrencyConverterUITests.xctest */ = {isa = PBXFileReference; explicitFileType = wrapper.cfbundle; includeInIndex = 0; path = CurrencyConverterUITests.xctest; sourceTree = BUILT_PRODUCTS_DIR; };
		6B39DAEF2CC9361A006C5EFD /* CurrencyConverterUITests.swift */ = {isa = PBXFileReference; lastKnownFileType = sourcecode.swift; path = CurrencyConverterUITests.swift; sourceTree = "<group>"; };
		6B39DAF12CC9361A006C5EFD /* CurrencyConverterUITestsLaunchTests.swift */ = {isa = PBXFileReference; lastKnownFileType = sourcecode.swift; path = CurrencyConverterUITestsLaunchTests.swift; sourceTree = "<group>"; };
		6B39DB012CC93969006C5EFD /* CurrencyModel.swift */ = {isa = PBXFileReference; lastKnownFileType = sourcecode.swift; path = CurrencyModel.swift; sourceTree = "<group>"; };
		6B39DB032CC93A36006C5EFD /* CurrencyViewModel.swift */ = {isa = PBXFileReference; lastKnownFileType = sourcecode.swift; path = CurrencyViewModel.swift; sourceTree = "<group>"; };
		6B39DB072CC95BCF006C5EFD /* Toast.swift */ = {isa = PBXFileReference; lastKnownFileType = sourcecode.swift; path = Toast.swift; sourceTree = "<group>"; };
		6B39DB092CC9617C006C5EFD /* HomeView.swift */ = {isa = PBXFileReference; lastKnownFileType = sourcecode.swift; path = HomeView.swift; sourceTree = "<group>"; };
		6B39DB0F2CCA001E006C5EFD /* WelcomeView.swift */ = {isa = PBXFileReference; lastKnownFileType = sourcecode.swift; path = WelcomeView.swift; sourceTree = "<group>"; };
		6B39DB132CCA3CBB006C5EFD /* CustomColor.swift */ = {isa = PBXFileReference; lastKnownFileType = sourcecode.swift; path = CustomColor.swift; sourceTree = "<group>"; };
/* End PBXFileReference section */

/* Begin PBXFrameworksBuildPhase section */
		6B39DACE2CC93618006C5EFD /* Frameworks */ = {
			isa = PBXFrameworksBuildPhase;
			buildActionMask = 2147483647;
			files = (
			);
			runOnlyForDeploymentPostprocessing = 0;
		};
		6B39DADE2CC9361A006C5EFD /* Frameworks */ = {
			isa = PBXFrameworksBuildPhase;
			buildActionMask = 2147483647;
			files = (
			);
			runOnlyForDeploymentPostprocessing = 0;
		};
		6B39DAE82CC9361A006C5EFD /* Frameworks */ = {
			isa = PBXFrameworksBuildPhase;
			buildActionMask = 2147483647;
			files = (
			);
			runOnlyForDeploymentPostprocessing = 0;
		};
/* End PBXFrameworksBuildPhase section */

/* Begin PBXGroup section */
		6B39DAC82CC93618006C5EFD = {
			isa = PBXGroup;
			children = (
				6B39DAD32CC93618006C5EFD /* CurrencyConverter */,
				6B39DAE42CC9361A006C5EFD /* CurrencyConverterTests */,
				6B39DAEE2CC9361A006C5EFD /* CurrencyConverterUITests */,
				6B39DAD22CC93618006C5EFD /* Products */,
			);
			sourceTree = "<group>";
		};
		6B39DAD22CC93618006C5EFD /* Products */ = {
			isa = PBXGroup;
			children = (
				6B39DAD12CC93618006C5EFD /* CurrencyConverter.app */,
				6B39DAE12CC9361A006C5EFD /* CurrencyConverterTests.xctest */,
				6B39DAEB2CC9361A006C5EFD /* CurrencyConverterUITests.xctest */,
			);
			name = Products;
			sourceTree = "<group>";
		};
		6B39DAD32CC93618006C5EFD /* CurrencyConverter */ = {
			isa = PBXGroup;
			children = (
				6B39DB112CCA3C57006C5EFD /* Extension */,
				6B39DB052CC95BB2006C5EFD /* Components */,
				6B39DB002CC9389D006C5EFD /* ViewModel */,
				6B39DAFF2CC93892006C5EFD /* Model */,
				6B39DAFE2CC9382A006C5EFD /* View */,
				6B39DAD42CC93618006C5EFD /* CurrencyConverterApp.swift */,
				6B39DAD82CC9361A006C5EFD /* Assets.xcassets */,
				6B39DADA2CC9361A006C5EFD /* Preview Content */,
			);
			path = CurrencyConverter;
			sourceTree = "<group>";
		};
		6B39DADA2CC9361A006C5EFD /* Preview Content */ = {
			isa = PBXGroup;
			children = (
				6B39DADB2CC9361A006C5EFD /* Preview Assets.xcassets */,
			);
			path = "Preview Content";
			sourceTree = "<group>";
		};
		6B39DAE42CC9361A006C5EFD /* CurrencyConverterTests */ = {
			isa = PBXGroup;
			children = (
				6B39DAE52CC9361A006C5EFD /* CurrencyConverterTests.swift */,
			);
			path = CurrencyConverterTests;
			sourceTree = "<group>";
		};
		6B39DAEE2CC9361A006C5EFD /* CurrencyConverterUITests */ = {
			isa = PBXGroup;
			children = (
				6B39DAEF2CC9361A006C5EFD /* CurrencyConverterUITests.swift */,
				6B39DAF12CC9361A006C5EFD /* CurrencyConverterUITestsLaunchTests.swift */,
			);
			path = CurrencyConverterUITests;
			sourceTree = "<group>";
		};
		6B39DAFE2CC9382A006C5EFD /* View */ = {
			isa = PBXGroup;
			children = (
				6B39DB0B2CC9FFCB006C5EFD /* HomeView */,
				6B39DB0E2CCA000E006C5EFD /* WelcomeView */,
				6B39DAD62CC93618006C5EFD /* ContentView.swift */,
			);
			path = View;
			sourceTree = "<group>";
		};
		6B39DAFF2CC93892006C5EFD /* Model */ = {
			isa = PBXGroup;
			children = (
				6B39DB0C2CC9FFEE006C5EFD /* CurrencyModel */,
			);
			path = Model;
			sourceTree = "<group>";
		};
		6B39DB002CC9389D006C5EFD /* ViewModel */ = {
			isa = PBXGroup;
			children = (
				6B39DB0D2CC9FFFF006C5EFD /* CurrencyViewModel */,
			);
			path = ViewModel;
			sourceTree = "<group>";
		};
		6B39DB052CC95BB2006C5EFD /* Components */ = {
			isa = PBXGroup;
			children = (
				6B39DB062CC95BB9006C5EFD /* Toast */,
			);
			path = Components;
			sourceTree = "<group>";
		};
		6B39DB062CC95BB9006C5EFD /* Toast */ = {
			isa = PBXGroup;
			children = (
				6B39DB072CC95BCF006C5EFD /* Toast.swift */,
			);
			path = Toast;
			sourceTree = "<group>";
		};
		6B39DB0B2CC9FFCB006C5EFD /* HomeView */ = {
			isa = PBXGroup;
			children = (
				6B39DB092CC9617C006C5EFD /* HomeView.swift */,
			);
			path = HomeView;
			sourceTree = "<group>";
		};
		6B39DB0C2CC9FFEE006C5EFD /* CurrencyModel */ = {
			isa = PBXGroup;
			children = (
				6B39DB012CC93969006C5EFD /* CurrencyModel.swift */,
			);
			path = CurrencyModel;
			sourceTree = "<group>";
		};
		6B39DB0D2CC9FFFF006C5EFD /* CurrencyViewModel */ = {
			isa = PBXGroup;
			children = (
				6B39DB032CC93A36006C5EFD /* CurrencyViewModel.swift */,
			);
			path = CurrencyViewModel;
			sourceTree = "<group>";
		};
		6B39DB0E2CCA000E006C5EFD /* WelcomeView */ = {
			isa = PBXGroup;
			children = (
				6B39DB0F2CCA001E006C5EFD /* WelcomeView.swift */,
			);
			path = WelcomeView;
			sourceTree = "<group>";
		};
		6B39DB112CCA3C57006C5EFD /* Extension */ = {
			isa = PBXGroup;
			children = (
				6B39DB122CCA3C68006C5EFD /* CustomColor */,
			);
			path = Extension;
			sourceTree = "<group>";
		};
		6B39DB122CCA3C68006C5EFD /* CustomColor */ = {
			isa = PBXGroup;
			children = (
				6B39DB132CCA3CBB006C5EFD /* CustomColor.swift */,
			);
			path = CustomColor;
			sourceTree = "<group>";
		};
/* End PBXGroup section */

/* Begin PBXNativeTarget section */
		6B39DAD02CC93618006C5EFD /* CurrencyConverter */ = {
			isa = PBXNativeTarget;
			buildConfigurationList = 6B39DAF52CC9361A006C5EFD /* Build configuration list for PBXNativeTarget "CurrencyConverter" */;
			buildPhases = (
				6B39DACD2CC93618006C5EFD /* Sources */,
				6B39DACE2CC93618006C5EFD /* Frameworks */,
				6B39DACF2CC93618006C5EFD /* Resources */,
			);
			buildRules = (
			);
			dependencies = (
			);
			name = CurrencyConverter;
			productName = CurrencyConverter;
			productReference = 6B39DAD12CC93618006C5EFD /* CurrencyConverter.app */;
			productType = "com.apple.product-type.application";
		};
		6B39DAE02CC9361A006C5EFD /* CurrencyConverterTests */ = {
			isa = PBXNativeTarget;
			buildConfigurationList = 6B39DAF82CC9361A006C5EFD /* Build configuration list for PBXNativeTarget "CurrencyConverterTests" */;
			buildPhases = (
				6B39DADD2CC9361A006C5EFD /* Sources */,
				6B39DADE2CC9361A006C5EFD /* Frameworks */,
				6B39DADF2CC9361A006C5EFD /* Resources */,
			);
			buildRules = (
			);
			dependencies = (
				6B39DAE32CC9361A006C5EFD /* PBXTargetDependency */,
			);
			name = CurrencyConverterTests;
			productName = CurrencyConverterTests;
			productReference = 6B39DAE12CC9361A006C5EFD /* CurrencyConverterTests.xctest */;
			productType = "com.apple.product-type.bundle.unit-test";
		};
		6B39DAEA2CC9361A006C5EFD /* CurrencyConverterUITests */ = {
			isa = PBXNativeTarget;
			buildConfigurationList = 6B39DAFB2CC9361A006C5EFD /* Build configuration list for PBXNativeTarget "CurrencyConverterUITests" */;
			buildPhases = (
				6B39DAE72CC9361A006C5EFD /* Sources */,
				6B39DAE82CC9361A006C5EFD /* Frameworks */,
				6B39DAE92CC9361A006C5EFD /* Resources */,
			);
			buildRules = (
			);
			dependencies = (
				6B39DAED2CC9361A006C5EFD /* PBXTargetDependency */,
			);
			name = CurrencyConverterUITests;
			productName = CurrencyConverterUITests;
			productReference = 6B39DAEB2CC9361A006C5EFD /* CurrencyConverterUITests.xctest */;
			productType = "com.apple.product-type.bundle.ui-testing";
		};
/* End PBXNativeTarget section */

/* Begin PBXProject section */
		6B39DAC92CC93618006C5EFD /* Project object */ = {
			isa = PBXProject;
			attributes = {
				BuildIndependentTargetsInParallel = 1;
				LastSwiftUpdateCheck = 1520;
				LastUpgradeCheck = 1520;
				TargetAttributes = {
					6B39DAD02CC93618006C5EFD = {
						CreatedOnToolsVersion = 15.2;
					};
					6B39DAE02CC9361A006C5EFD = {
						CreatedOnToolsVersion = 15.2;
						TestTargetID = 6B39DAD02CC93618006C5EFD;
					};
					6B39DAEA2CC9361A006C5EFD = {
						CreatedOnToolsVersion = 15.2;
						TestTargetID = 6B39DAD02CC93618006C5EFD;
					};
				};
			};
			buildConfigurationList = 6B39DACC2CC93618006C5EFD /* Build configuration list for PBXProject "CurrencyConverter" */;
			compatibilityVersion = "Xcode 14.0";
			developmentRegion = en;
			hasScannedForEncodings = 0;
			knownRegions = (
				en,
				Base,
			);
			mainGroup = 6B39DAC82CC93618006C5EFD;
			productRefGroup = 6B39DAD22CC93618006C5EFD /* Products */;
			projectDirPath = "";
			projectRoot = "";
			targets = (
				6B39DAD02CC93618006C5EFD /* CurrencyConverter */,
				6B39DAE02CC9361A006C5EFD /* CurrencyConverterTests */,
				6B39DAEA2CC9361A006C5EFD /* CurrencyConverterUITests */,
			);
		};
/* End PBXProject section */

/* Begin PBXResourcesBuildPhase section */
		6B39DACF2CC93618006C5EFD /* Resources */ = {
			isa = PBXResourcesBuildPhase;
			buildActionMask = 2147483647;
			files = (
				6B39DADC2CC9361A006C5EFD /* Preview Assets.xcassets in Resources */,
				6B39DAD92CC9361A006C5EFD /* Assets.xcassets in Resources */,
			);
			runOnlyForDeploymentPostprocessing = 0;
		};
		6B39DADF2CC9361A006C5EFD /* Resources */ = {
			isa = PBXResourcesBuildPhase;
			buildActionMask = 2147483647;
			files = (
			);
			runOnlyForDeploymentPostprocessing = 0;
		};
		6B39DAE92CC9361A006C5EFD /* Resources */ = {
			isa = PBXResourcesBuildPhase;
			buildActionMask = 2147483647;
			files = (
			);
			runOnlyForDeploymentPostprocessing = 0;
		};
/* End PBXResourcesBuildPhase section */

/* Begin PBXSourcesBuildPhase section */
		6B39DACD2CC93618006C5EFD /* Sources */ = {
			isa = PBXSourcesBuildPhase;
			buildActionMask = 2147483647;
			files = (
				6B39DAD72CC93618006C5EFD /* ContentView.swift in Sources */,
				6B39DB042CC93A36006C5EFD /* CurrencyViewModel.swift in Sources */,
				6B39DB082CC95BCF006C5EFD /* Toast.swift in Sources */,
				6B39DB0A2CC9617C006C5EFD /* HomeView.swift in Sources */,
				6B39DAD52CC93618006C5EFD /* CurrencyConverterApp.swift in Sources */,
				6B39DB022CC93969006C5EFD /* CurrencyModel.swift in Sources */,
				6B39DB142CCA3CBB006C5EFD /* CustomColor.swift in Sources */,
				6B39DB102CCA001E006C5EFD /* WelcomeView.swift in Sources */,
			);
			runOnlyForDeploymentPostprocessing = 0;
		};
		6B39DADD2CC9361A006C5EFD /* Sources */ = {
			isa = PBXSourcesBuildPhase;
			buildActionMask = 2147483647;
			files = (
				6B39DAE62CC9361A006C5EFD /* CurrencyConverterTests.swift in Sources */,
			);
			runOnlyForDeploymentPostprocessing = 0;
		};
		6B39DAE72CC9361A006C5EFD /* Sources */ = {
			isa = PBXSourcesBuildPhase;
			buildActionMask = 2147483647;
			files = (
				6B39DAF22CC9361A006C5EFD /* CurrencyConverterUITestsLaunchTests.swift in Sources */,
				6B39DAF02CC9361A006C5EFD /* CurrencyConverterUITests.swift in Sources */,
			);
			runOnlyForDeploymentPostprocessing = 0;
		};
/* End PBXSourcesBuildPhase section */

/* Begin PBXTargetDependency section */
		6B39DAE32CC9361A006C5EFD /* PBXTargetDependency */ = {
			isa = PBXTargetDependency;
			target = 6B39DAD02CC93618006C5EFD /* CurrencyConverter */;
			targetProxy = 6B39DAE22CC9361A006C5EFD /* PBXContainerItemProxy */;
		};
		6B39DAED2CC9361A006C5EFD /* PBXTargetDependency */ = {
			isa = PBXTargetDependency;
			target = 6B39DAD02CC93618006C5EFD /* CurrencyConverter */;
			targetProxy = 6B39DAEC2CC9361A006C5EFD /* PBXContainerItemProxy */;
		};
/* End PBXTargetDependency section */

/* Begin XCBuildConfiguration section */
		6B39DAF32CC9361A006C5EFD /* Debug */ = {
			isa = XCBuildConfiguration;
			buildSettings = {
				ALWAYS_SEARCH_USER_PATHS = NO;
				ASSETCATALOG_COMPILER_GENERATE_SWIFT_ASSET_SYMBOL_EXTENSIONS = YES;
				CLANG_ANALYZER_NONNULL = YES;
				CLANG_ANALYZER_NUMBER_OBJECT_CONVERSION = YES_AGGRESSIVE;
				CLANG_CXX_LANGUAGE_STANDARD = "gnu++20";
				CLANG_ENABLE_MODULES = YES;
				CLANG_ENABLE_OBJC_ARC = YES;
				CLANG_ENABLE_OBJC_WEAK = YES;
				CLANG_WARN_BLOCK_CAPTURE_AUTORELEASING = YES;
				CLANG_WARN_BOOL_CONVERSION = YES;
				CLANG_WARN_COMMA = YES;
				CLANG_WARN_CONSTANT_CONVERSION = YES;
				CLANG_WARN_DEPRECATED_OBJC_IMPLEMENTATIONS = YES;
				CLANG_WARN_DIRECT_OBJC_ISA_USAGE = YES_ERROR;
				CLANG_WARN_DOCUMENTATION_COMMENTS = YES;
				CLANG_WARN_EMPTY_BODY = YES;
				CLANG_WARN_ENUM_CONVERSION = YES;
				CLANG_WARN_INFINITE_RECURSION = YES;
				CLANG_WARN_INT_CONVERSION = YES;
				CLANG_WARN_NON_LITERAL_NULL_CONVERSION = YES;
				CLANG_WARN_OBJC_IMPLICIT_RETAIN_SELF = YES;
				CLANG_WARN_OBJC_LITERAL_CONVERSION = YES;
				CLANG_WARN_OBJC_ROOT_CLASS = YES_ERROR;
				CLANG_WARN_QUOTED_INCLUDE_IN_FRAMEWORK_HEADER = YES;
				CLANG_WARN_RANGE_LOOP_ANALYSIS = YES;
				CLANG_WARN_STRICT_PROTOTYPES = YES;
				CLANG_WARN_SUSPICIOUS_MOVE = YES;
				CLANG_WARN_UNGUARDED_AVAILABILITY = YES_AGGRESSIVE;
				CLANG_WARN_UNREACHABLE_CODE = YES;
				CLANG_WARN__DUPLICATE_METHOD_MATCH = YES;
				COPY_PHASE_STRIP = NO;
				DEBUG_INFORMATION_FORMAT = dwarf;
				ENABLE_STRICT_OBJC_MSGSEND = YES;
				ENABLE_TESTABILITY = YES;
				ENABLE_USER_SCRIPT_SANDBOXING = YES;
				GCC_C_LANGUAGE_STANDARD = gnu17;
				GCC_DYNAMIC_NO_PIC = NO;
				GCC_NO_COMMON_BLOCKS = YES;
				GCC_OPTIMIZATION_LEVEL = 0;
				GCC_PREPROCESSOR_DEFINITIONS = (
					"DEBUG=1",
					"$(inherited)",
				);
				GCC_WARN_64_TO_32_BIT_CONVERSION = YES;
				GCC_WARN_ABOUT_RETURN_TYPE = YES_ERROR;
				GCC_WARN_UNDECLARED_SELECTOR = YES;
				GCC_WARN_UNINITIALIZED_AUTOS = YES_AGGRESSIVE;
				GCC_WARN_UNUSED_FUNCTION = YES;
				GCC_WARN_UNUSED_VARIABLE = YES;
				IPHONEOS_DEPLOYMENT_TARGET = 17.2;
				LOCALIZATION_PREFERS_STRING_CATALOGS = YES;
				MTL_ENABLE_DEBUG_INFO = INCLUDE_SOURCE;
				MTL_FAST_MATH = YES;
				ONLY_ACTIVE_ARCH = YES;
				SDKROOT = iphoneos;
				SWIFT_ACTIVE_COMPILATION_CONDITIONS = "DEBUG $(inherited)";
				SWIFT_OPTIMIZATION_LEVEL = "-Onone";
			};
			name = Debug;
		};
		6B39DAF42CC9361A006C5EFD /* Release */ = {
			isa = XCBuildConfiguration;
			buildSettings = {
				ALWAYS_SEARCH_USER_PATHS = NO;
				ASSETCATALOG_COMPILER_GENERATE_SWIFT_ASSET_SYMBOL_EXTENSIONS = YES;
				CLANG_ANALYZER_NONNULL = YES;
				CLANG_ANALYZER_NUMBER_OBJECT_CONVERSION = YES_AGGRESSIVE;
				CLANG_CXX_LANGUAGE_STANDARD = "gnu++20";
				CLANG_ENABLE_MODULES = YES;
				CLANG_ENABLE_OBJC_ARC = YES;
				CLANG_ENABLE_OBJC_WEAK = YES;
				CLANG_WARN_BLOCK_CAPTURE_AUTORELEASING = YES;
				CLANG_WARN_BOOL_CONVERSION = YES;
				CLANG_WARN_COMMA = YES;
				CLANG_WARN_CONSTANT_CONVERSION = YES;
				CLANG_WARN_DEPRECATED_OBJC_IMPLEMENTATIONS = YES;
				CLANG_WARN_DIRECT_OBJC_ISA_USAGE = YES_ERROR;
				CLANG_WARN_DOCUMENTATION_COMMENTS = YES;
				CLANG_WARN_EMPTY_BODY = YES;
				CLANG_WARN_ENUM_CONVERSION = YES;
				CLANG_WARN_INFINITE_RECURSION = YES;
				CLANG_WARN_INT_CONVERSION = YES;
				CLANG_WARN_NON_LITERAL_NULL_CONVERSION = YES;
				CLANG_WARN_OBJC_IMPLICIT_RETAIN_SELF = YES;
				CLANG_WARN_OBJC_LITERAL_CONVERSION = YES;
				CLANG_WARN_OBJC_ROOT_CLASS = YES_ERROR;
				CLANG_WARN_QUOTED_INCLUDE_IN_FRAMEWORK_HEADER = YES;
				CLANG_WARN_RANGE_LOOP_ANALYSIS = YES;
				CLANG_WARN_STRICT_PROTOTYPES = YES;
				CLANG_WARN_SUSPICIOUS_MOVE = YES;
				CLANG_WARN_UNGUARDED_AVAILABILITY = YES_AGGRESSIVE;
				CLANG_WARN_UNREACHABLE_CODE = YES;
				CLANG_WARN__DUPLICATE_METHOD_MATCH = YES;
				COPY_PHASE_STRIP = NO;
				DEBUG_INFORMATION_FORMAT = "dwarf-with-dsym";
				ENABLE_NS_ASSERTIONS = NO;
				ENABLE_STRICT_OBJC_MSGSEND = YES;
				ENABLE_USER_SCRIPT_SANDBOXING = YES;
				GCC_C_LANGUAGE_STANDARD = gnu17;
				GCC_NO_COMMON_BLOCKS = YES;
				GCC_WARN_64_TO_32_BIT_CONVERSION = YES;
				GCC_WARN_ABOUT_RETURN_TYPE = YES_ERROR;
				GCC_WARN_UNDECLARED_SELECTOR = YES;
				GCC_WARN_UNINITIALIZED_AUTOS = YES_AGGRESSIVE;
				GCC_WARN_UNUSED_FUNCTION = YES;
				GCC_WARN_UNUSED_VARIABLE = YES;
				IPHONEOS_DEPLOYMENT_TARGET = 17.2;
				LOCALIZATION_PREFERS_STRING_CATALOGS = YES;
				MTL_ENABLE_DEBUG_INFO = NO;
				MTL_FAST_MATH = YES;
				SDKROOT = iphoneos;
				SWIFT_COMPILATION_MODE = wholemodule;
				VALIDATE_PRODUCT = YES;
			};
			name = Release;
		};
		6B39DAF62CC9361A006C5EFD /* Debug */ = {
			isa = XCBuildConfiguration;
			buildSettings = {
				ASSETCATALOG_COMPILER_APPICON_NAME = AppIcon;
				ASSETCATALOG_COMPILER_GLOBAL_ACCENT_COLOR_NAME = AccentColor;
				CODE_SIGN_STYLE = Automatic;
				CURRENT_PROJECT_VERSION = 1;
				DEVELOPMENT_ASSET_PATHS = "\"CurrencyConverter/Preview Content\"";
				DEVELOPMENT_TEAM = UM6V3QVKDB;
				ENABLE_PREVIEWS = YES;
				GENERATE_INFOPLIST_FILE = YES;
				INFOPLIST_KEY_UIApplicationSceneManifest_Generation = YES;
				INFOPLIST_KEY_UIApplicationSupportsIndirectInputEvents = YES;
				INFOPLIST_KEY_UILaunchScreen_Generation = YES;
				INFOPLIST_KEY_UISupportedInterfaceOrientations_iPad = "UIInterfaceOrientationPortrait UIInterfaceOrientationPortraitUpsideDown UIInterfaceOrientationLandscapeLeft UIInterfaceOrientationLandscapeRight";
				INFOPLIST_KEY_UISupportedInterfaceOrientations_iPhone = "UIInterfaceOrientationPortrait UIInterfaceOrientationLandscapeLeft UIInterfaceOrientationLandscapeRight";
				LD_RUNPATH_SEARCH_PATHS = (
					"$(inherited)",
					"@executable_path/Frameworks",
				);
				MARKETING_VERSION = 1.0;
				PRODUCT_BUNDLE_IDENTIFIER = namngo.CurrencyConverter;
				PRODUCT_NAME = "$(TARGET_NAME)";
				SWIFT_EMIT_LOC_STRINGS = YES;
				SWIFT_VERSION = 5.0;
				TARGETED_DEVICE_FAMILY = "1,2";
			};
			name = Debug;
		};
		6B39DAF72CC9361A006C5EFD /* Release */ = {
			isa = XCBuildConfiguration;
			buildSettings = {
				ASSETCATALOG_COMPILER_APPICON_NAME = AppIcon;
				ASSETCATALOG_COMPILER_GLOBAL_ACCENT_COLOR_NAME = AccentColor;
				CODE_SIGN_STYLE = Automatic;
				CURRENT_PROJECT_VERSION = 1;
				DEVELOPMENT_ASSET_PATHS = "\"CurrencyConverter/Preview Content\"";
				DEVELOPMENT_TEAM = UM6V3QVKDB;
				ENABLE_PREVIEWS = YES;
				GENERATE_INFOPLIST_FILE = YES;
				INFOPLIST_KEY_UIApplicationSceneManifest_Generation = YES;
				INFOPLIST_KEY_UIApplicationSupportsIndirectInputEvents = YES;
				INFOPLIST_KEY_UILaunchScreen_Generation = YES;
				INFOPLIST_KEY_UISupportedInterfaceOrientations_iPad = "UIInterfaceOrientationPortrait UIInterfaceOrientationPortraitUpsideDown UIInterfaceOrientationLandscapeLeft UIInterfaceOrientationLandscapeRight";
				INFOPLIST_KEY_UISupportedInterfaceOrientations_iPhone = "UIInterfaceOrientationPortrait UIInterfaceOrientationLandscapeLeft UIInterfaceOrientationLandscapeRight";
				LD_RUNPATH_SEARCH_PATHS = (
					"$(inherited)",
					"@executable_path/Frameworks",
				);
				MARKETING_VERSION = 1.0;
				PRODUCT_BUNDLE_IDENTIFIER = namngo.CurrencyConverter;
				PRODUCT_NAME = "$(TARGET_NAME)";
				SWIFT_EMIT_LOC_STRINGS = YES;
				SWIFT_VERSION = 5.0;
				TARGETED_DEVICE_FAMILY = "1,2";
			};
			name = Release;
		};
		6B39DAF92CC9361A006C5EFD /* Debug */ = {
			isa = XCBuildConfiguration;
			buildSettings = {
				ALWAYS_EMBED_SWIFT_STANDARD_LIBRARIES = YES;
				BUNDLE_LOADER = "$(TEST_HOST)";
				CODE_SIGN_STYLE = Automatic;
				CURRENT_PROJECT_VERSION = 1;
				DEVELOPMENT_TEAM = UM6V3QVKDB;
				GENERATE_INFOPLIST_FILE = YES;
				IPHONEOS_DEPLOYMENT_TARGET = 17.2;
				MARKETING_VERSION = 1.0;
				PRODUCT_BUNDLE_IDENTIFIER = namngo.CurrencyConverterTests;
				PRODUCT_NAME = "$(TARGET_NAME)";
				SWIFT_EMIT_LOC_STRINGS = NO;
				SWIFT_VERSION = 5.0;
				TARGETED_DEVICE_FAMILY = "1,2";
				TEST_HOST = "$(BUILT_PRODUCTS_DIR)/CurrencyConverter.app/$(BUNDLE_EXECUTABLE_FOLDER_PATH)/CurrencyConverter";
			};
			name = Debug;
		};
		6B39DAFA2CC9361A006C5EFD /* Release */ = {
			isa = XCBuildConfiguration;
			buildSettings = {
				ALWAYS_EMBED_SWIFT_STANDARD_LIBRARIES = YES;
				BUNDLE_LOADER = "$(TEST_HOST)";
				CODE_SIGN_STYLE = Automatic;
				CURRENT_PROJECT_VERSION = 1;
				DEVELOPMENT_TEAM = UM6V3QVKDB;
				GENERATE_INFOPLIST_FILE = YES;
				IPHONEOS_DEPLOYMENT_TARGET = 17.2;
				MARKETING_VERSION = 1.0;
				PRODUCT_BUNDLE_IDENTIFIER = namngo.CurrencyConverterTests;
				PRODUCT_NAME = "$(TARGET_NAME)";
				SWIFT_EMIT_LOC_STRINGS = NO;
				SWIFT_VERSION = 5.0;
				TARGETED_DEVICE_FAMILY = "1,2";
				TEST_HOST = "$(BUILT_PRODUCTS_DIR)/CurrencyConverter.app/$(BUNDLE_EXECUTABLE_FOLDER_PATH)/CurrencyConverter";
			};
			name = Release;
		};
		6B39DAFC2CC9361A006C5EFD /* Debug */ = {
			isa = XCBuildConfiguration;
			buildSettings = {
				ALWAYS_EMBED_SWIFT_STANDARD_LIBRARIES = YES;
				CODE_SIGN_STYLE = Automatic;
				CURRENT_PROJECT_VERSION = 1;
				DEVELOPMENT_TEAM = UM6V3QVKDB;
				GENERATE_INFOPLIST_FILE = YES;
				MARKETING_VERSION = 1.0;
				PRODUCT_BUNDLE_IDENTIFIER = namngo.CurrencyConverterUITests;
				PRODUCT_NAME = "$(TARGET_NAME)";
				SWIFT_EMIT_LOC_STRINGS = NO;
				SWIFT_VERSION = 5.0;
				TARGETED_DEVICE_FAMILY = "1,2";
				TEST_TARGET_NAME = CurrencyConverter;
			};
			name = Debug;
		};
		6B39DAFD2CC9361A006C5EFD /* Release */ = {
			isa = XCBuildConfiguration;
			buildSettings = {
				ALWAYS_EMBED_SWIFT_STANDARD_LIBRARIES = YES;
				CODE_SIGN_STYLE = Automatic;
				CURRENT_PROJECT_VERSION = 1;
				DEVELOPMENT_TEAM = UM6V3QVKDB;
				GENERATE_INFOPLIST_FILE = YES;
				MARKETING_VERSION = 1.0;
				PRODUCT_BUNDLE_IDENTIFIER = namngo.CurrencyConverterUITests;
				PRODUCT_NAME = "$(TARGET_NAME)";
				SWIFT_EMIT_LOC_STRINGS = NO;
				SWIFT_VERSION = 5.0;
				TARGETED_DEVICE_FAMILY = "1,2";
				TEST_TARGET_NAME = CurrencyConverter;
			};
			name = Release;
		};
/* End XCBuildConfiguration section */

/* Begin XCConfigurationList section */
		6B39DACC2CC93618006C5EFD /* Build configuration list for PBXProject "CurrencyConverter" */ = {
			isa = XCConfigurationList;
			buildConfigurations = (
				6B39DAF32CC9361A006C5EFD /* Debug */,
				6B39DAF42CC9361A006C5EFD /* Release */,
			);
			defaultConfigurationIsVisible = 0;
			defaultConfigurationName = Release;
		};
		6B39DAF52CC9361A006C5EFD /* Build configuration list for PBXNativeTarget "CurrencyConverter" */ = {
			isa = XCConfigurationList;
			buildConfigurations = (
				6B39DAF62CC9361A006C5EFD /* Debug */,
				6B39DAF72CC9361A006C5EFD /* Release */,
			);
			defaultConfigurationIsVisible = 0;
			defaultConfigurationName = Release;
		};
		6B39DAF82CC9361A006C5EFD /* Build configuration list for PBXNativeTarget "CurrencyConverterTests" */ = {
			isa = XCConfigurationList;
			buildConfigurations = (
				6B39DAF92CC9361A006C5EFD /* Debug */,
				6B39DAFA2CC9361A006C5EFD /* Release */,
			);
			defaultConfigurationIsVisible = 0;
			defaultConfigurationName = Release;
		};
		6B39DAFB2CC9361A006C5EFD /* Build configuration list for PBXNativeTarget "CurrencyConverterUITests" */ = {
			isa = XCConfigurationList;
			buildConfigurations = (
				6B39DAFC2CC9361A006C5EFD /* Debug */,
				6B39DAFD2CC9361A006C5EFD /* Release */,
			);
			defaultConfigurationIsVisible = 0;
			defaultConfigurationName = Release;
		};
/* End XCConfigurationList section */
	};
	rootObject = 6B39DAC92CC93618006C5EFD /* Project object */;
}
